
Microsoft Visual Studio Solution File, Format Version 12.00
# Visual Studio 15
VisualStudioVersion = 15.0.25302.0
MinimumVisualStudioVersion = 10.0.40219.1
Project("{F184B08F-C81C-45F6-A57F-5ABD9991F28F}") = "DllRegister", "src\DllRegister\DllRegister.vbproj", "{A1A6EB24-FC88-4589-89E3-F5E093A5BE5E}"
EndProject
Global
	GlobalSection(SolutionConfigurationPlatforms) = preSolution
		Debug|x86 = Debug|x86
	EndGlobalSection
	GlobalSection(ProjectConfigurationPlatforms) = postSolution
		{A1A6EB24-FC88-4589-89E3-F5E093A5BE5E}.Debug|x86.ActiveCfg = Debug|x86
		{A1A6EB24-FC88-4589-89E3-F5E093A5BE5E}.Debug|x86.Build.0 = Debug|x86
	EndGlobalSection
	GlobalSection(SolutionProperties) = preSolution
		HideSolutionNode = FALSE
	EndGlobalSection
EndGlobal
